
Microsoft Visual Studio Solution File, Format Version 12.00
# Visual Studio Version 16
VisualStudioVersion = 16.0.28701.123
MinimumVisualStudioVersion = 10.0.40219.1
Project("{FAE04EC0-301F-11D3-BF4B-00C04F79EFBC}") = "RadioAnywhere", "RadioAnywhere\RadioAnywhere.csproj", "{A9F727AB-D6BD-493C-A9F8-5A59402D2414}"
EndProject
Global
	GlobalSection(SolutionConfigurationPlatforms) = preSolution
		Debug|Any CPU = Debug|Any CPU
		Release|Any CPU = Release|Any CPU
	EndGlobalSection
	GlobalSection(ProjectConfigurationPlatforms) = postSolution
		{A9F727AB-D6BD-493C-A9F8-5A59402D2414}.Debug|Any CPU.ActiveCfg = Debug|Any CPU
		{A9F727AB-D6BD-493C-A9F8-5A59402D2414}.Debug|Any CPU.Build.0 = Debug|Any CPU
		{A9F727AB-D6BD-493C-A9F8-5A59402D2414}.Release|Any CPU.ActiveCfg = Release|Any CPU
		{A9F727AB-D6BD-493C-A9F8-5A59402D2414}.Release|Any CPU.Build.0 = Release|Any CPU
	EndGlobalSection
	GlobalSection(SolutionProperties) = preSolution
		HideSolutionNode = FALSE
	EndGlobalSection
	GlobalSection(ExtensibilityGlobals) = postSolution
		SolutionGuid = {DC07C6C7-12EB-45BE-AD5E-59F2D6464EF9}
	EndGlobalSection
EndGlobal
